
Microsoft Visual Studio Solution File, Format Version 12.00
# Visual Studio Version 17
VisualStudioVersion = 17.0.31919.166
MinimumVisualStudioVersion = 10.0.40219.1
Project("{9A19103F-16F7-4668-BE54-9A1E7A4F7556}") = "ApiTest.Api", "src\ApiTest.Api\ApiTest.Api.csproj", "{F530A7C1-EC8C-4093-BF84-FC61C392C422}"
EndProject
Project("{2150E333-8FDC-42A3-9474-1A3956D46DE8}") = "Solution Items", "Solution Items", "{F122F2AC-542E-4509-9347-CBC79721D5BE}"
	ProjectSection(SolutionItems) = preProject
		ApiTest.postman_collection.json = ApiTest.postman_collection.json
		docker-compose.yml = docker-compose.yml
		..\README.md = ..\README.md
	EndProjectSection
EndProject
Project("{9A19103F-16F7-4668-BE54-9A1E7A4F7556}") = "ApiTest.Models", "src\ApiTest.Models\ApiTest.Models.csproj", "{3A87E2F7-E499-46EA-835D-A9FA10BF98E9}"
EndProject
Project("{9A19103F-16F7-4668-BE54-9A1E7A4F7556}") = "ApiTest.Services", "src\ApiTest.Services\ApiTest.Services.csproj", "{27C91D18-98B3-46CB-9422-0AC7274A533E}"
EndProject
Project("{9A19103F-16F7-4668-BE54-9A1E7A4F7556}") = "ApiTest.Repositories", "src\ApiTest.Repositories\ApiTest.Repositories.csproj", "{F0325462-2679-4196-B760-2D6B720F2813}"
EndProject
Project("{2150E333-8FDC-42A3-9474-1A3956D46DE8}") = "seeds", "seeds", "{812138D2-E861-4723-AC0B-57D7F2A7177A}"
	ProjectSection(SolutionItems) = preProject
		seeds\Actividad1.json = seeds\Actividad1.json
		seeds\Actividad2.json = seeds\Actividad2.json
		seeds\Alumno1.json = seeds\Alumno1.json
		seeds\Sesion1.json = seeds\Sesion1.json
	EndProjectSection
EndProject
Global
	GlobalSection(SolutionConfigurationPlatforms) = preSolution
		Debug|Any CPU = Debug|Any CPU
		Release|Any CPU = Release|Any CPU
	EndGlobalSection
	GlobalSection(ProjectConfigurationPlatforms) = postSolution
		{F530A7C1-EC8C-4093-BF84-FC61C392C422}.Debug|Any CPU.ActiveCfg = Debug|Any CPU
		{F530A7C1-EC8C-4093-BF84-FC61C392C422}.Debug|Any CPU.Build.0 = Debug|Any CPU
		{F530A7C1-EC8C-4093-BF84-FC61C392C422}.Release|Any CPU.ActiveCfg = Release|Any CPU
		{F530A7C1-EC8C-4093-BF84-FC61C392C422}.Release|Any CPU.Build.0 = Release|Any CPU
		{3A87E2F7-E499-46EA-835D-A9FA10BF98E9}.Debug|Any CPU.ActiveCfg = Debug|Any CPU
		{3A87E2F7-E499-46EA-835D-A9FA10BF98E9}.Debug|Any CPU.Build.0 = Debug|Any CPU
		{3A87E2F7-E499-46EA-835D-A9FA10BF98E9}.Release|Any CPU.ActiveCfg = Release|Any CPU
		{3A87E2F7-E499-46EA-835D-A9FA10BF98E9}.Release|Any CPU.Build.0 = Release|Any CPU
		{27C91D18-98B3-46CB-9422-0AC7274A533E}.Debug|Any CPU.ActiveCfg = Debug|Any CPU
		{27C91D18-98B3-46CB-9422-0AC7274A533E}.Debug|Any CPU.Build.0 = Debug|Any CPU
		{27C91D18-98B3-46CB-9422-0AC7274A533E}.Release|Any CPU.ActiveCfg = Release|Any CPU
		{27C91D18-98B3-46CB-9422-0AC7274A533E}.Release|Any CPU.Build.0 = Release|Any CPU
		{F0325462-2679-4196-B760-2D6B720F2813}.Debug|Any CPU.ActiveCfg = Debug|Any CPU
		{F0325462-2679-4196-B760-2D6B720F2813}.Debug|Any CPU.Build.0 = Debug|Any CPU
		{F0325462-2679-4196-B760-2D6B720F2813}.Release|Any CPU.ActiveCfg = Release|Any CPU
		{F0325462-2679-4196-B760-2D6B720F2813}.Release|Any CPU.Build.0 = Release|Any CPU
	EndGlobalSection
	GlobalSection(SolutionProperties) = preSolution
		HideSolutionNode = FALSE
	EndGlobalSection
	GlobalSection(NestedProjects) = preSolution
		{812138D2-E861-4723-AC0B-57D7F2A7177A} = {F122F2AC-542E-4509-9347-CBC79721D5BE}
	EndGlobalSection
	GlobalSection(ExtensibilityGlobals) = postSolution
		SolutionGuid = {3C557AC7-A9CE-4D3D-B2D1-530044022117}
	EndGlobalSection
EndGlobal
