
Microsoft Visual Studio Solution File, Format Version 12.00
# Visual Studio Version 17
VisualStudioVersion = 17.0.31919.166
MinimumVisualStudioVersion = 10.0.40219.1
Project("{9A19103F-16F7-4668-BE54-9A1E7A4F7556}") = "ApiTest.Api", "src\ApiTest.Api\ApiTest.Api.csproj", "{F530A7C1-EC8C-4093-BF84-FC61C392C422}"
EndProject
Project("{2150E333-8FDC-42A3-9474-1A3956D46DE8}") = "Solution Items", "Solution Items", "{F122F2AC-542E-4509-9347-CBC79721D5BE}"
	ProjectSection(SolutionItems) = preProject
		docker-compose.yml = docker-compose.yml
		..\README.md = ..\README.md
	EndProjectSection
EndProject
Global
	GlobalSection(SolutionConfigurationPlatforms) = preSolution
		Debug|Any CPU = Debug|Any CPU
		Release|Any CPU = Release|Any CPU
	EndGlobalSection
	GlobalSection(ProjectConfigurationPlatforms) = postSolution
		{F530A7C1-EC8C-4093-BF84-FC61C392C422}.Debug|Any CPU.ActiveCfg = Debug|Any CPU
		{F530A7C1-EC8C-4093-BF84-FC61C392C422}.Debug|Any CPU.Build.0 = Debug|Any CPU
		{F530A7C1-EC8C-4093-BF84-FC61C392C422}.Release|Any CPU.ActiveCfg = Release|Any CPU
		{F530A7C1-EC8C-4093-BF84-FC61C392C422}.Release|Any CPU.Build.0 = Release|Any CPU
	EndGlobalSection
	GlobalSection(SolutionProperties) = preSolution
		HideSolutionNode = FALSE
	EndGlobalSection
	GlobalSection(ExtensibilityGlobals) = postSolution
		SolutionGuid = {3C557AC7-A9CE-4D3D-B2D1-530044022117}
	EndGlobalSection
EndGlobal
